// !$*UTF8*$!
{
	archiveVersion = 1;
	classes = {
	};
	objectVersion = 54;
	objects = {

/* Begin PBXBuildFile section */
		198D455388F4682B0B3A26A6 /* WatchConnectivityClient.swift in Sources */ = {isa = PBXBuildFile; fileRef = FB394C82B9B84ED9687535C5 /* WatchConnectivityClient.swift */; };
		23CF955D613E87F5791E4864 /* Foundation.framework in Frameworks */ = {isa = PBXBuildFile; fileRef = 505E57AE1A90A9DA998DDE97 /* Foundation.framework */; };
		2502D417B8163F8FA86FC3F6 /* TimerActivityAttributes.swift in Sources */ = {isa = PBXBuildFile; fileRef = 479574FF4BE6F947E7A4455C /* TimerActivityAttributes.swift */; };
		2FAD9763203C412B000D30F8 /* config.xml in Resources */ = {isa = PBXBuildFile; fileRef = 2FAD9762203C412B000D30F8 /* config.xml */; };
		45A5E4076B1CF773B5D95511 /* TimerLiveActivity.appex in Embed App Extensions */ = {isa = PBXBuildFile; fileRef = 6AF4799B99151E05DE8ABFBA /* TimerLiveActivity.appex */; };
		495943089A9C48E3F7324E07 /* Assets.xcassets in Resources */ = {isa = PBXBuildFile; fileRef = 40D54048B6BB0EC59F9D4F8F /* Assets.xcassets */; };
		50379B232058CBB4000EE86E /* capacitor.config.json in Resources */ = {isa = PBXBuildFile; fileRef = 50379B222058CBB4000EE86E /* capacitor.config.json */; };
		504EC3081FED79650016851F /* AppDelegate.swift in Sources */ = {isa = PBXBuildFile; fileRef = 504EC3071FED79650016851F /* AppDelegate.swift */; };
		504EC30D1FED79650016851F /* Main.storyboard in Resources */ = {isa = PBXBuildFile; fileRef = 504EC30B1FED79650016851F /* Main.storyboard */; };
		504EC30F1FED79650016851F /* Assets.xcassets in Resources */ = {isa = PBXBuildFile; fileRef = 504EC30E1FED79650016851F /* Assets.xcassets */; };
		504EC3121FED79650016851F /* LaunchScreen.storyboard in Resources */ = {isa = PBXBuildFile; fileRef = 504EC3101FED79650016851F /* LaunchScreen.storyboard */; };
		50B271D11FEDC1A000F3C39B /* public in Resources */ = {isa = PBXBuildFile; fileRef = 50B271D01FEDC1A000F3C39B /* public */; };
		669BD44CE00BAC756D5230C7 /* TimerLiveActivityWidget.swift in Sources */ = {isa = PBXBuildFile; fileRef = 52F253F8DADDB582C1BAFEFD /* TimerLiveActivityWidget.swift */; };
		6A3F4515AB896BB3755C39B6 /* WatchMessages.swift in Sources */ = {isa = PBXBuildFile; fileRef = AFE9476BB2FFE595B9EBB785 /* WatchMessages.swift */; };
		6C9A49479E8A654E2BA9D797 /* WatchMessages.swift in Sources */ = {isa = PBXBuildFile; fileRef = AFE9476BB2FFE595B9EBB785 /* WatchMessages.swift */; };
		75E14042856925AE71C93B07 /* FightCampWatchApp.swift in Sources */ = {isa = PBXBuildFile; fileRef = 8D5849AAAADC64B538DE8970 /* FightCampWatchApp.swift */; };
		86864B78BB0545D5F08C6984 /* RoundTimerView.swift in Sources */ = {isa = PBXBuildFile; fileRef = 7382490B8F1B5D4EAD7DD9B5 /* RoundTimerView.swift */; };
		953E1DD27732D4476046557B /* TimerActivityAttributes.swift in Sources */ = {isa = PBXBuildFile; fileRef = 479574FF4BE6F947E7A4455C /* TimerActivityAttributes.swift */; };
		9CF14D258BF45FE74A282508 /* TimerModel.swift in Sources */ = {isa = PBXBuildFile; fileRef = E1D14B10A9E483E3D00193B7 /* TimerModel.swift */; };
		A084ECDBA7D38E1E42DFC39D /* Pods_App.framework in Frameworks */ = {isa = PBXBuildFile; fileRef = AF277DCFFFF123FFC6DF26C7 /* Pods_App.framework */; };
		C41C44DD9D1C112C6A821178 /* FightCampWatch.app in Embed Watch Content */ = {isa = PBXBuildFile; fileRef = 04D44882818A0FFFC424C468 /* FightCampWatch.app */; settings = {ATTRIBUTES = (RemoveHeadersOnCopy, ); }; };
		E1D14B0BB81982251114698F /* WorkoutHeartRate.swift in Sources */ = {isa = PBXBuildFile; fileRef = B1084935B83269FBFE19A4B3 /* WorkoutHeartRate.swift */; };
		E23A4817B8B53BB552425619 /* LiveActivityPlugin.swift in Sources */ = {isa = PBXBuildFile; fileRef = B5139CF4F8E593DA26E54168 /* LiveActivityPlugin.swift */; };
		FC1A2B3C4D5E6A7B8C9D0E2F /* RevenueCatPlugin.swift in Sources */ = {isa = PBXBuildFile; fileRef = FC1A2B3C4D5E6A7B8C9D0E1F /* RevenueCatPlugin.swift */; };
		FC1A2B3C4D5E6A7B8C9D0E6F /* RevenueCat in Frameworks */ = {isa = PBXBuildFile; productRef = FC1A2B3C4D5E6A7B8C9D0E4F /* RevenueCat */; };
		FC1A2B3C4D5E6A7B8C9D0E7F /* RevenueCatUI in Frameworks */ = {isa = PBXBuildFile; productRef = FC1A2B3C4D5E6A7B8C9D0E5F /* RevenueCatUI */; };
		FC1A2B3C4D5E6A7B8C9D0F1B /* HealthKitPlugin.swift in Sources */ = {isa = PBXBuildFile; fileRef = FC1A2B3C4D5E6A7B8C9D0F1A /* HealthKitPlugin.swift */; };
		FC1A2B3C4D5E6A7B8C9D0F2B /* AppReviewPlugin.swift in Sources */ = {isa = PBXBuildFile; fileRef = FC1A2B3C4D5E6A7B8C9D0F2A /* AppReviewPlugin.swift */; };
		FC1A2B3C4D5E6A7B8C9D0F3B /* WatchBridgePlugin.swift in Sources */ = {isa = PBXBuildFile; fileRef = FC1A2B3C4D5E6A7B8C9D0F3A /* WatchBridgePlugin.swift */; };
		FD594676B3C0DC88048B583F /* RoundEngine.swift in Sources */ = {isa = PBXBuildFile; fileRef = F5DD4960BFFB20516878042A /* RoundEngine.swift */; };
/* End PBXBuildFile section */

/* Begin PBXContainerItemProxy section */
		CC6FF3F3DADA6083D9DC2186 /* PBXContainerItemProxy */ = {
			isa = PBXContainerItemProxy;
			containerPortal = 504EC2FC1FED79650016851F /* Project object */;
			proxyType = 1;
			remoteGlobalIDString = 6953CF35C936D7E488DAF569;
			remoteInfo = TimerLiveActivity;
		};
		F8324C45B471878CC23A88E4 = {
			isa = PBXContainerItemProxy;
			containerPortal = 504EC2FC1FED79650016851F /* Project object */;
			proxyType = 1;
			remoteGlobalIDString = 94CD422BBCCECA299435BCBF /* FightCampWatch */;
			remoteInfo = FightCampWatch;
		};
/* End PBXContainerItemProxy section */

/* Begin PBXCopyFilesBuildPhase section */
		61184DC4B7AB2DFDF92992C5 /* Embed Watch Content */ = {
			isa = PBXCopyFilesBuildPhase;
			buildActionMask = 2147483647;
			dstPath = "$(CONTENTS_FOLDER_PATH)/Watch";
			dstSubfolderSpec = 16;
			files = (
				C41C44DD9D1C112C6A821178 /* FightCampWatch.app in Embed Watch Content */,
			);
			name = "Embed Watch Content";
			runOnlyForDeploymentPostprocessing = 0;
		};
		8E8D56DAF78A018B53CF60B7 /* Embed App Extensions */ = {
			isa = PBXCopyFilesBuildPhase;
			buildActionMask = 2147483647;
			dstPath = "";
			dstSubfolderSpec = 13;
			files = (
				45A5E4076B1CF773B5D95511 /* TimerLiveActivity.appex in Embed App Extensions */,
			);
			name = "Embed App Extensions";
			runOnlyForDeploymentPostprocessing = 0;
		};
/* End PBXCopyFilesBuildPhase section */

/* Begin PBXFileReference section */
		04D44882818A0FFFC424C468 /* FightCampWatch.app */ = {
			isa = PBXFileReference;
			explicitFileType = wrapper.application;
			includeInIndex = 0;
			path = FightCampWatch.app;
			sourceTree = BUILT_PRODUCTS_DIR;
		};
		0A404B999E2F69CA4262C01B /* Info.plist */ = {isa = PBXFileReference; name = Info.plist; path = Info.plist; sourceTree = "<group>"; };
		2FAD9762203C412B000D30F8 /* config.xml */ = {isa = PBXFileReference; lastKnownFileType = text.xml; path = config.xml; sourceTree = "<group>"; };
		40D54048B6BB0EC59F9D4F8F /* Assets.xcassets */ = {isa = PBXFileReference; name = Assets.xcassets; path = Assets.xcassets; sourceTree = "<group>"; };
		420543BDB3243A3C8A7FF5C7 /* FightCampWatch.entitlements */ = {isa = PBXFileReference; name = FightCampWatch.entitlements; path = FightCampWatch.entitlements; sourceTree = "<group>"; };
		479574FF4BE6F947E7A4455C /* TimerActivityAttributes.swift */ = {isa = PBXFileReference; includeInIndex = 1; lastKnownFileType = sourcecode.swift; path = TimerActivityAttributes.swift; sourceTree = "<group>"; };
		50379B222058CBB4000EE86E /* capacitor.config.json */ = {isa = PBXFileReference; fileEncoding = 4; lastKnownFileType = text.json; path = capacitor.config.json; sourceTree = "<group>"; };
		504EC3041FED79650016851F /* App.app */ = {isa = PBXFileReference; explicitFileType = wrapper.application; includeInIndex = 0; path = App.app; sourceTree = BUILT_PRODUCTS_DIR; };
		504EC3071FED79650016851F /* AppDelegate.swift */ = {isa = PBXFileReference; lastKnownFileType = sourcecode.swift; path = AppDelegate.swift; sourceTree = "<group>"; };
		504EC30C1FED79650016851F /* Base */ = {isa = PBXFileReference; lastKnownFileType = file.storyboard; name = Base; path = Base.lproj/Main.storyboard; sourceTree = "<group>"; };
		504EC30E1FED79650016851F /* Assets.xcassets */ = {isa = PBXFileReference; lastKnownFileType = folder.assetcatalog; path = Assets.xcassets; sourceTree = "<group>"; };
		504EC3111FED79650016851F /* Base */ = {isa = PBXFileReference; lastKnownFileType = file.storyboard; name = Base; path = Base.lproj/LaunchScreen.storyboard; sourceTree = "<group>"; };
		504EC3131FED79650016851F /* Info.plist */ = {isa = PBXFileReference; lastKnownFileType = text.plist.xml; path = Info.plist; sourceTree = "<group>"; };
		505E57AE1A90A9DA998DDE97 /* Foundation.framework */ = {isa = PBXFileReference; lastKnownFileType = wrapper.framework; name = Foundation.framework; path = System/Library/Frameworks/Foundation.framework; sourceTree = SDKROOT; };
		50B271D01FEDC1A000F3C39B /* public */ = {isa = PBXFileReference; lastKnownFileType = folder; path = public; sourceTree = "<group>"; };
		52F253F8DADDB582C1BAFEFD /* TimerLiveActivityWidget.swift */ = {isa = PBXFileReference; includeInIndex = 1; lastKnownFileType = sourcecode.swift; path = TimerLiveActivityWidget.swift; sourceTree = "<group>"; };
		6AF4799B99151E05DE8ABFBA /* TimerLiveActivity.appex */ = {isa = PBXFileReference; explicitFileType = "wrapper.app-extension"; includeInIndex = 0; path = TimerLiveActivity.appex; sourceTree = BUILT_PRODUCTS_DIR; };
		7382490B8F1B5D4EAD7DD9B5 /* RoundTimerView.swift */ = {isa = PBXFileReference; name = RoundTimerView.swift; path = RoundTimerView.swift; sourceTree = "<group>"; };
		8D5849AAAADC64B538DE8970 /* FightCampWatchApp.swift */ = {isa = PBXFileReference; name = FightCampWatchApp.swift; path = FightCampWatchApp.swift; sourceTree = "<group>"; };
		AF277DCFFFF123FFC6DF26C7 /* Pods_App.framework */ = {isa = PBXFileReference; explicitFileType = wrapper.framework; includeInIndex = 0; path = Pods_App.framework; sourceTree = BUILT_PRODUCTS_DIR; };
		AF51FD2D460BCFE21FA515B2 /* Pods-App.release.xcconfig */ = {isa = PBXFileReference; includeInIndex = 1; lastKnownFileType = text.xcconfig; name = "Pods-App.release.xcconfig"; path = "Pods/Target Support Files/Pods-App/Pods-App.release.xcconfig"; sourceTree = "<group>"; };
		AFE9476BB2FFE595B9EBB785 /* WatchMessages.swift */ = {isa = PBXFileReference; name = WatchMessages.swift; path = WatchMessages.swift; sourceTree = "<group>"; };
		B1084935B83269FBFE19A4B3 /* WorkoutHeartRate.swift */ = {isa = PBXFileReference; name = WorkoutHeartRate.swift; path = WorkoutHeartRate.swift; sourceTree = "<group>"; };
		B5139CF4F8E593DA26E54168 /* LiveActivityPlugin.swift */ = {isa = PBXFileReference; includeInIndex = 1; lastKnownFileType = sourcecode.swift; path = LiveActivityPlugin.swift; sourceTree = "<group>"; };
		C7E94944E999E782E06E876A /* Info.plist */ = {isa = PBXFileReference; includeInIndex = 1; lastKnownFileType = text.plist.xml; path = Info.plist; sourceTree = "<group>"; };
		E1D14B10A9E483E3D00193B7 /* TimerModel.swift */ = {isa = PBXFileReference; name = TimerModel.swift; path = TimerModel.swift; sourceTree = "<group>"; };
		F5DD4960BFFB20516878042A /* RoundEngine.swift */ = {isa = PBXFileReference; name = RoundEngine.swift; path = RoundEngine.swift; sourceTree = "<group>"; };
		FB394C82B9B84ED9687535C5 /* WatchConnectivityClient.swift */ = {isa = PBXFileReference; name = WatchConnectivityClient.swift; path = WatchConnectivityClient.swift; sourceTree = "<group>"; };
		FC1A2B3C4D5E6A7B8C9D0E1F /* RevenueCatPlugin.swift */ = {isa = PBXFileReference; lastKnownFileType = sourcecode.swift; path = RevenueCatPlugin.swift; sourceTree = "<group>"; };
		FC1A2B3C4D5E6A7B8C9D0F1A /* HealthKitPlugin.swift */ = {isa = PBXFileReference; lastKnownFileType = sourcecode.swift; path = HealthKitPlugin.swift; sourceTree = "<group>"; };
		FC1A2B3C4D5E6A7B8C9D0F2A /* AppReviewPlugin.swift */ = {isa = PBXFileReference; lastKnownFileType = sourcecode.swift; path = AppReviewPlugin.swift; sourceTree = "<group>"; };
		FC1A2B3C4D5E6A7B8C9D0F3A /* WatchBridgePlugin.swift */ = {isa = PBXFileReference; lastKnownFileType = sourcecode.swift; path = WatchBridgePlugin.swift; sourceTree = "<group>"; };
		FC68EB0AF532CFC21C3344DD /* Pods-App.debug.xcconfig */ = {isa = PBXFileReference; includeInIndex = 1; lastKnownFileType = text.xcconfig; name = "Pods-App.debug.xcconfig"; path = "Pods/Target Support Files/Pods-App/Pods-App.debug.xcconfig"; sourceTree = "<group>"; };
		FCC0DEAD0000000000000001 /* Release.xcconfig */ = {isa = PBXFileReference; lastKnownFileType = text.xcconfig; path = Release.xcconfig; sourceTree = "<group>"; };
		FCC0DEAD0000000000000002 /* Secrets.xcconfig.example */ = {isa = PBXFileReference; lastKnownFileType = text.xcconfig; path = Secrets.xcconfig.example; sourceTree = "<group>"; };
/* End PBXFileReference section */

/* Begin PBXFrameworksBuildPhase section */
		375C42669A8723A15EE66E01 /* Frameworks */ = {
			isa = PBXFrameworksBuildPhase;
			buildActionMask = 2147483647;
			files = (
			);
			runOnlyForDeploymentPostprocessing = 0;
		};
		504EC3011FED79650016851F /* Frameworks */ = {
			isa = PBXFrameworksBuildPhase;
			buildActionMask = 2147483647;
			files = (
				A084ECDBA7D38E1E42DFC39D /* Pods_App.framework in Frameworks */,
				FC1A2B3C4D5E6A7B8C9D0E6F /* RevenueCat in Frameworks */,
				FC1A2B3C4D5E6A7B8C9D0E7F /* RevenueCatUI in Frameworks */,
			);
			runOnlyForDeploymentPostprocessing = 0;
		};
		A027611B8472237BB3F25E37 /* Frameworks */ = {
			isa = PBXFrameworksBuildPhase;
			buildActionMask = 2147483647;
			files = (
				23CF955D613E87F5791E4864 /* Foundation.framework in Frameworks */,
			);
			runOnlyForDeploymentPostprocessing = 0;
		};
/* End PBXFrameworksBuildPhase section */

/* Begin PBXGroup section */
		1F31E58294E302147E5F5E83 /* TimerLiveActivity */ = {
			isa = PBXGroup;
			children = (
				479574FF4BE6F947E7A4455C /* TimerActivityAttributes.swift */,
				52F253F8DADDB582C1BAFEFD /* TimerLiveActivityWidget.swift */,
				C7E94944E999E782E06E876A /* Info.plist */,
			);
			name = TimerLiveActivity;
			path = TimerLiveActivity;
			sourceTree = "<group>";
		};
		27E2DDA53C4D2A4D1A88CE4A /* Frameworks */ = {
			isa = PBXGroup;
			children = (
				AF277DCFFFF123FFC6DF26C7 /* Pods_App.framework */,
				A99F3BABEBEA84FEC2F38E8C /* iOS */,
			);
			name = Frameworks;
			sourceTree = "<group>";
		};
		504EC2FB1FED79650016851F = {
			isa = PBXGroup;
			children = (
				504EC3061FED79650016851F /* App */,
				504EC3051FED79650016851F /* Products */,
				7F8756D8B27F46E3366F6CEA /* Pods */,
				27E2DDA53C4D2A4D1A88CE4A /* Frameworks */,
				1F31E58294E302147E5F5E83 /* TimerLiveActivity */,
				ED5246B8A0C22C2869E6C494 /* WatchApp */,
			);
			sourceTree = "<group>";
		};
		504EC3051FED79650016851F /* Products */ = {
			isa = PBXGroup;
			children = (
				504EC3041FED79650016851F /* App.app */,
				6AF4799B99151E05DE8ABFBA /* TimerLiveActivity.appex */,
				04D44882818A0FFFC424C468 /* FightCampWatch.app */,
			);
			name = Products;
			sourceTree = "<group>";
		};
		504EC3061FED79650016851F /* App */ = {
			isa = PBXGroup;
			children = (
				50379B222058CBB4000EE86E /* capacitor.config.json */,
				504EC3071FED79650016851F /* AppDelegate.swift */,
				FC1A2B3C4D5E6A7B8C9D0E1F /* RevenueCatPlugin.swift */,
				FC1A2B3C4D5E6A7B8C9D0F1A /* HealthKitPlugin.swift */,
				FC1A2B3C4D5E6A7B8C9D0F2A /* AppReviewPlugin.swift */,
				FC1A2B3C4D5E6A7B8C9D0F3A /* WatchBridgePlugin.swift */,
				504EC30B1FED79650016851F /* Main.storyboard */,
				504EC30E1FED79650016851F /* Assets.xcassets */,
				504EC3101FED79650016851F /* LaunchScreen.storyboard */,
				504EC3131FED79650016851F /* Info.plist */,
				2FAD9762203C412B000D30F8 /* config.xml */,
				50B271D01FEDC1A000F3C39B /* public */,
				FCC0DEAD0000000000000001 /* Release.xcconfig */,
				FCC0DEAD0000000000000002 /* Secrets.xcconfig.example */,
				B5139CF4F8E593DA26E54168 /* LiveActivityPlugin.swift */,
			);
			path = App;
			sourceTree = "<group>";
		};
		7F8756D8B27F46E3366F6CEA /* Pods */ = {
			isa = PBXGroup;
			children = (
				FC68EB0AF532CFC21C3344DD /* Pods-App.debug.xcconfig */,
				AF51FD2D460BCFE21FA515B2 /* Pods-App.release.xcconfig */,
			);
			name = Pods;
			sourceTree = "<group>";
		};
		A99F3BABEBEA84FEC2F38E8C /* iOS */ = {
			isa = PBXGroup;
			children = (
				505E57AE1A90A9DA998DDE97 /* Foundation.framework */,
			);
			name = iOS;
			sourceTree = "<group>";
		};
		ED5246B8A0C22C2869E6C494 /* WatchApp */ = {
			isa = PBXGroup;
			children = (
				8D5849AAAADC64B538DE8970 /* FightCampWatchApp.swift */,
				7382490B8F1B5D4EAD7DD9B5 /* RoundTimerView.swift */,
				E1D14B10A9E483E3D00193B7 /* TimerModel.swift */,
				F5DD4960BFFB20516878042A /* RoundEngine.swift */,
				B1084935B83269FBFE19A4B3 /* WorkoutHeartRate.swift */,
				FB394C82B9B84ED9687535C5 /* WatchConnectivityClient.swift */,
				AFE9476BB2FFE595B9EBB785 /* WatchMessages.swift */,
				40D54048B6BB0EC59F9D4F8F /* Assets.xcassets */,
				0A404B999E2F69CA4262C01B /* Info.plist */,
				420543BDB3243A3C8A7FF5C7 /* FightCampWatch.entitlements */,
			);
			name = WatchApp;
			path = WatchApp;
			sourceTree = "<group>";
		};
/* End PBXGroup section */

/* Begin PBXNativeTarget section */
		504EC3031FED79650016851F /* App */ = {
			isa = PBXNativeTarget;
			buildConfigurationList = 504EC3161FED79650016851F /* Build configuration list for PBXNativeTarget "App" */;
			buildPhases = (
				6634F4EFEBD30273BCE97C65 /* [CP] Check Pods Manifest.lock */,
				504EC3001FED79650016851F /* Sources */,
				504EC3011FED79650016851F /* Frameworks */,
				504EC3021FED79650016851F /* Resources */,
				9592DBEFFC6D2A0C8D5DEB22 /* [CP] Embed Pods Frameworks */,
				8E8D56DAF78A018B53CF60B7 /* Embed App Extensions */,
				61184DC4B7AB2DFDF92992C5 /* Embed Watch Content */,
			);
			buildRules = (
			);
			dependencies = (
				D7F4E5EC982A17773AD2803D /* PBXTargetDependency */,
				93E54CAAB1BD914C91BBC2AD /* FightCampWatch */,
			);
			name = App;
			packageProductDependencies = (
				FC1A2B3C4D5E6A7B8C9D0E4F /* RevenueCat */,
				FC1A2B3C4D5E6A7B8C9D0E5F /* RevenueCatUI */,
			);
			productName = App;
			productReference = 504EC3041FED79650016851F /* App.app */;
			productType = "com.apple.product-type.application";
		};
		6953CF35C936D7E488DAF569 /* TimerLiveActivity */ = {
			isa = PBXNativeTarget;
			buildConfigurationList = DB26F52FA6C155416A9DBBC4 /* Build configuration list for PBXNativeTarget "TimerLiveActivity" */;
			buildPhases = (
				0620C10E1297790626208AC3 /* Sources */,
				A027611B8472237BB3F25E37 /* Frameworks */,
				4A3D6528EB03371804BCE8D0 /* Resources */,
			);
			buildRules = (
			);
			dependencies = (
			);
			name = TimerLiveActivity;
			productName = TimerLiveActivity;
			productReference = 6AF4799B99151E05DE8ABFBA /* TimerLiveActivity.appex */;
			productType = "com.apple.product-type.app-extension";
		};
		94CD422BBCCECA299435BCBF /* FightCampWatch */ = {
			isa = PBXNativeTarget;
			buildConfigurationList = 291744A2BFE7AD63CF2DD872;
			buildPhases = (
				D76C45CAAEF2D6B4B154FF39 /* Sources */,
				375C42669A8723A15EE66E01 /* Frameworks */,
				A6C742729230CB30D840089E /* Resources */,
			);
			buildRules = (
			);
			dependencies = (
			);
			name = FightCampWatch;
			productName = FightCampWatch;
			productReference = 04D44882818A0FFFC424C468 /* FightCampWatch.app */;
			productType = "com.apple.product-type.application";
		};
/* End PBXNativeTarget section */

/* Begin PBXProject section */
		504EC2FC1FED79650016851F /* Project object */ = {
			isa = PBXProject;
			attributes = {
				LastSwiftUpdateCheck = 0920;
				LastUpgradeCheck = 0920;
				TargetAttributes = {
					504EC3031FED79650016851F = {
						CreatedOnToolsVersion = 9.2;
						LastSwiftMigration = 1100;
						ProvisioningStyle = Automatic;
					};
					94CD422BBCCECA299435BCBF = {
						CreatedOnToolsVersion = 15.0;
						ProvisioningStyle = Automatic;
					};
				};
			};
			buildConfigurationList = 504EC2FF1FED79650016851F /* Build configuration list for PBXProject "App" */;
			compatibilityVersion = "Xcode 8.0";
			developmentRegion = en;
			hasScannedForEncodings = 0;
			knownRegions = (
				en,
				Base,
			);
			mainGroup = 504EC2FB1FED79650016851F;
			packageReferences = (
				FC1A2B3C4D5E6A7B8C9D0E3F /* XCRemoteSwiftPackageReference "purchases-ios-spm" */,
			);
			productRefGroup = 504EC3051FED79650016851F /* Products */;
			projectDirPath = "";
			projectRoot = "";
			targets = (
				504EC3031FED79650016851F /* App */,
				6953CF35C936D7E488DAF569 /* TimerLiveActivity */,
				94CD422BBCCECA299435BCBF /* FightCampWatch */,
			);
		};
/* End PBXProject section */

/* Begin PBXResourcesBuildPhase section */
		4A3D6528EB03371804BCE8D0 /* Resources */ = {
			isa = PBXResourcesBuildPhase;
			buildActionMask = 2147483647;
			files = (
			);
			runOnlyForDeploymentPostprocessing = 0;
		};
		504EC3021FED79650016851F /* Resources */ = {
			isa = PBXResourcesBuildPhase;
			buildActionMask = 2147483647;
			files = (
				504EC3121FED79650016851F /* LaunchScreen.storyboard in Resources */,
				50B271D11FEDC1A000F3C39B /* public in Resources */,
				504EC30F1FED79650016851F /* Assets.xcassets in Resources */,
				50379B232058CBB4000EE86E /* capacitor.config.json in Resources */,
				504EC30D1FED79650016851F /* Main.storyboard in Resources */,
				2FAD9763203C412B000D30F8 /* config.xml in Resources */,
			);
			runOnlyForDeploymentPostprocessing = 0;
		};
		A6C742729230CB30D840089E /* Resources */ = {
			isa = PBXResourcesBuildPhase;
			buildActionMask = 2147483647;
			files = (
				495943089A9C48E3F7324E07 /* Assets.xcassets in Resources */,
			);
			runOnlyForDeploymentPostprocessing = 0;
		};
/* End PBXResourcesBuildPhase section */

/* Begin PBXShellScriptBuildPhase section */
		6634F4EFEBD30273BCE97C65 /* [CP] Check Pods Manifest.lock */ = {
			isa = PBXShellScriptBuildPhase;
			buildActionMask = 2147483647;
			files = (
			);
			inputPaths = (
				"${PODS_PODFILE_DIR_PATH}/Podfile.lock",
				"${PODS_ROOT}/Manifest.lock",
			);
			name = "[CP] Check Pods Manifest.lock";
			outputPaths = (
				"$(DERIVED_FILE_DIR)/Pods-App-checkManifestLockResult.txt",
			);
			runOnlyForDeploymentPostprocessing = 0;
			shellPath = /bin/sh;
			shellScript = "diff \"${PODS_PODFILE_DIR_PATH}/Podfile.lock\" \"${PODS_ROOT}/Manifest.lock\" > /dev/null\nif [ $? != 0 ] ; then\n    # print error to STDERR\n    echo \"error: The sandbox is not in sync with the Podfile.lock. Run 'pod install' or update your CocoaPods installation.\" >&2\n    exit 1\nfi\n# This output is used by Xcode 'outputs' to avoid re-running this script phase.\necho \"SUCCESS\" > \"${SCRIPT_OUTPUT_FILE_0}\"\n";
			showEnvVarsInLog = 0;
		};
		9592DBEFFC6D2A0C8D5DEB22 /* [CP] Embed Pods Frameworks */ = {
			isa = PBXShellScriptBuildPhase;
			buildActionMask = 2147483647;
			files = (
			);
			inputPaths = (
			);
			name = "[CP] Embed Pods Frameworks";
			outputPaths = (
			);
			runOnlyForDeploymentPostprocessing = 0;
			shellPath = /bin/sh;
			shellScript = "\"${PODS_ROOT}/Target Support Files/Pods-App/Pods-App-frameworks.sh\"\n";
			showEnvVarsInLog = 0;
		};
/* End PBXShellScriptBuildPhase section */

/* Begin PBXSourcesBuildPhase section */
		0620C10E1297790626208AC3 /* Sources */ = {
			isa = PBXSourcesBuildPhase;
			buildActionMask = 2147483647;
			files = (
				669BD44CE00BAC756D5230C7 /* TimerLiveActivityWidget.swift in Sources */,
				953E1DD27732D4476046557B /* TimerActivityAttributes.swift in Sources */,
			);
			runOnlyForDeploymentPostprocessing = 0;
		};
		504EC3001FED79650016851F /* Sources */ = {
			isa = PBXSourcesBuildPhase;
			buildActionMask = 2147483647;
			files = (
				504EC3081FED79650016851F /* AppDelegate.swift in Sources */,
				FC1A2B3C4D5E6A7B8C9D0E2F /* RevenueCatPlugin.swift in Sources */,
				FC1A2B3C4D5E6A7B8C9D0F1B /* HealthKitPlugin.swift in Sources */,
				FC1A2B3C4D5E6A7B8C9D0F2B /* AppReviewPlugin.swift in Sources */,
				FC1A2B3C4D5E6A7B8C9D0F3B /* WatchBridgePlugin.swift in Sources */,
				E23A4817B8B53BB552425619 /* LiveActivityPlugin.swift in Sources */,
				2502D417B8163F8FA86FC3F6 /* TimerActivityAttributes.swift in Sources */,
				6A3F4515AB896BB3755C39B6 /* WatchMessages.swift in Sources */,
			);
			runOnlyForDeploymentPostprocessing = 0;
		};
		D76C45CAAEF2D6B4B154FF39 /* Sources */ = {
			isa = PBXSourcesBuildPhase;
			buildActionMask = 2147483647;
			files = (
				75E14042856925AE71C93B07 /* FightCampWatchApp.swift in Sources */,
				86864B78BB0545D5F08C6984 /* RoundTimerView.swift in Sources */,
				9CF14D258BF45FE74A282508 /* TimerModel.swift in Sources */,
				FD594676B3C0DC88048B583F /* RoundEngine.swift in Sources */,
				E1D14B0BB81982251114698F /* WorkoutHeartRate.swift in Sources */,
				198D455388F4682B0B3A26A6 /* WatchConnectivityClient.swift in Sources */,
				6C9A49479E8A654E2BA9D797 /* WatchMessages.swift in Sources */,
			);
			runOnlyForDeploymentPostprocessing = 0;
		};
/* End PBXSourcesBuildPhase section */

/* Begin PBXTargetDependency section */
		93E54CAAB1BD914C91BBC2AD /* FightCampWatch */ = {
			isa = PBXTargetDependency;
			name = FightCampWatch;
			target = 94CD422BBCCECA299435BCBF /* FightCampWatch */;
			targetProxy = F8324C45B471878CC23A88E4;
		};
		D7F4E5EC982A17773AD2803D /* PBXTargetDependency */ = {
			isa = PBXTargetDependency;
			name = TimerLiveActivity;
			target = 6953CF35C936D7E488DAF569 /* TimerLiveActivity */;
			targetProxy = CC6FF3F3DADA6083D9DC2186 /* PBXContainerItemProxy */;
		};
/* End PBXTargetDependency section */

/* Begin PBXVariantGroup section */
		504EC30B1FED79650016851F /* Main.storyboard */ = {
			isa = PBXVariantGroup;
			children = (
				504EC30C1FED79650016851F /* Base */,
			);
			name = Main.storyboard;
			sourceTree = "<group>";
		};
		504EC3101FED79650016851F /* LaunchScreen.storyboard */ = {
			isa = PBXVariantGroup;
			children = (
				504EC3111FED79650016851F /* Base */,
			);
			name = LaunchScreen.storyboard;
			sourceTree = "<group>";
		};
/* End PBXVariantGroup section */

/* Begin XCBuildConfiguration section */
		39D7D73D4D0F6329556DA7CD /* Debug */ = {
			isa = XCBuildConfiguration;
			buildSettings = {
				CLANG_ENABLE_OBJC_WEAK = NO;
				CODE_SIGN_STYLE = Automatic;
				CURRENT_PROJECT_VERSION = 2;
				DEVELOPMENT_TEAM = WV4L598A44;
				GENERATE_INFOPLIST_FILE = YES;
				INFOPLIST_FILE = TimerLiveActivity/Info.plist;
				INFOPLIST_KEY_CFBundleDisplayName = "Round Timer";
				IPHONEOS_DEPLOYMENT_TARGET = 16.1;
				MARKETING_VERSION = 1.0.3;
				PRODUCT_BUNDLE_IDENTIFIER = app.fightcamptraining.timerliveactivity;
				PRODUCT_NAME = "$(TARGET_NAME)";
				SDKROOT = iphoneos;
				SKIP_INSTALL = NO;
				SWIFT_VERSION = 5.0;
				TARGETED_DEVICE_FAMILY = "1,2";
			};
			name = Debug;
		};
		504EC3141FED79650016851F /* Debug */ = {
			isa = XCBuildConfiguration;
			buildSettings = {
				ALWAYS_SEARCH_USER_PATHS = NO;
				CLANG_ANALYZER_NONNULL = YES;
				CLANG_ANALYZER_NUMBER_OBJECT_CONVERSION = YES_AGGRESSIVE;
				CLANG_CXX_LANGUAGE_STANDARD = "gnu++14";
				CLANG_CXX_LIBRARY = "libc++";
				CLANG_ENABLE_MODULES = YES;
				CLANG_ENABLE_OBJC_ARC = YES;
				CLANG_WARN_BLOCK_CAPTURE_AUTORELEASING = YES;
				CLANG_WARN_BOOL_CONVERSION = YES;
				CLANG_WARN_COMMA = YES;
				CLANG_WARN_CONSTANT_CONVERSION = YES;
				CLANG_WARN_DIRECT_OBJC_ISA_USAGE = YES_ERROR;
				CLANG_WARN_DOCUMENTATION_COMMENTS = YES;
				CLANG_WARN_EMPTY_BODY = YES;
				CLANG_WARN_ENUM_CONVERSION = YES;
				CLANG_WARN_INFINITE_RECURSION = YES;
				CLANG_WARN_INT_CONVERSION = YES;
				CLANG_WARN_NON_LITERAL_NULL_CONVERSION = YES;
				CLANG_WARN_OBJC_LITERAL_CONVERSION = YES;
				CLANG_WARN_OBJC_ROOT_CLASS = YES_ERROR;
				CLANG_WARN_RANGE_LOOP_ANALYSIS = YES;
				CLANG_WARN_STRICT_PROTOTYPES = YES;
				CLANG_WARN_SUSPICIOUS_MOVE = YES;
				CLANG_WARN_UNGUARDED_AVAILABILITY = YES_AGGRESSIVE;
				CLANG_WARN_UNREACHABLE_CODE = YES;
				CLANG_WARN__DUPLICATE_METHOD_MATCH = YES;
				CODE_SIGN_IDENTITY = "iPhone Developer";
				COPY_PHASE_STRIP = NO;
				DEBUG_INFORMATION_FORMAT = dwarf;
				ENABLE_STRICT_OBJC_MSGSEND = YES;
				ENABLE_TESTABILITY = YES;
				GCC_C_LANGUAGE_STANDARD = gnu11;
				GCC_DYNAMIC_NO_PIC = NO;
				GCC_NO_COMMON_BLOCKS = YES;
				GCC_OPTIMIZATION_LEVEL = 0;
				GCC_PREPROCESSOR_DEFINITIONS = (
					"DEBUG=1",
					"$(inherited)",
				);
				GCC_WARN_64_TO_32_BIT_CONVERSION = YES;
				GCC_WARN_ABOUT_RETURN_TYPE = YES_ERROR;
				GCC_WARN_UNDECLARED_SELECTOR = YES;
				GCC_WARN_UNINITIALIZED_AUTOS = YES_AGGRESSIVE;
				GCC_WARN_UNUSED_FUNCTION = YES;
				GCC_WARN_UNUSED_VARIABLE = YES;
				IPHONEOS_DEPLOYMENT_TARGET = 15.0;
				MTL_ENABLE_DEBUG_INFO = YES;
				ONLY_ACTIVE_ARCH = YES;
				SDKROOT = iphoneos;
				SWIFT_ACTIVE_COMPILATION_CONDITIONS = DEBUG;
				SWIFT_OPTIMIZATION_LEVEL = "-Onone";
			};
			name = Debug;
		};
		504EC3151FED79650016851F /* Release */ = {
			isa = XCBuildConfiguration;
			buildSettings = {
				ALWAYS_SEARCH_USER_PATHS = NO;
				CLANG_ANALYZER_NONNULL = YES;
				CLANG_ANALYZER_NUMBER_OBJECT_CONVERSION = YES_AGGRESSIVE;
				CLANG_CXX_LANGUAGE_STANDARD = "gnu++14";
				CLANG_CXX_LIBRARY = "libc++";
				CLANG_ENABLE_MODULES = YES;
				CLANG_ENABLE_OBJC_ARC = YES;
				CLANG_WARN_BLOCK_CAPTURE_AUTORELEASING = YES;
				CLANG_WARN_BOOL_CONVERSION = YES;
				CLANG_WARN_COMMA = YES;
				CLANG_WARN_CONSTANT_CONVERSION = YES;
				CLANG_WARN_DIRECT_OBJC_ISA_USAGE = YES_ERROR;
				CLANG_WARN_DOCUMENTATION_COMMENTS = YES;
				CLANG_WARN_EMPTY_BODY = YES;
				CLANG_WARN_ENUM_CONVERSION = YES;
				CLANG_WARN_INFINITE_RECURSION = YES;
				CLANG_WARN_INT_CONVERSION = YES;
				CLANG_WARN_NON_LITERAL_NULL_CONVERSION = YES;
				CLANG_WARN_OBJC_LITERAL_CONVERSION = YES;
				CLANG_WARN_OBJC_ROOT_CLASS = YES_ERROR;
				CLANG_WARN_RANGE_LOOP_ANALYSIS = YES;
				CLANG_WARN_STRICT_PROTOTYPES = YES;
				CLANG_WARN_SUSPICIOUS_MOVE = YES;
				CLANG_WARN_UNGUARDED_AVAILABILITY = YES_AGGRESSIVE;
				CLANG_WARN_UNREACHABLE_CODE = YES;
				CLANG_WARN__DUPLICATE_METHOD_MATCH = YES;
				CODE_SIGN_IDENTITY = "iPhone Developer";
				COPY_PHASE_STRIP = NO;
				DEBUG_INFORMATION_FORMAT = "dwarf-with-dsym";
				ENABLE_NS_ASSERTIONS = NO;
				ENABLE_STRICT_OBJC_MSGSEND = YES;
				GCC_C_LANGUAGE_STANDARD = gnu11;
				GCC_NO_COMMON_BLOCKS = YES;
				GCC_WARN_64_TO_32_BIT_CONVERSION = YES;
				GCC_WARN_ABOUT_RETURN_TYPE = YES_ERROR;
				GCC_WARN_UNDECLARED_SELECTOR = YES;
				GCC_WARN_UNINITIALIZED_AUTOS = YES_AGGRESSIVE;
				GCC_WARN_UNUSED_FUNCTION = YES;
				GCC_WARN_UNUSED_VARIABLE = YES;
				IPHONEOS_DEPLOYMENT_TARGET = 15.0;
				MTL_ENABLE_DEBUG_INFO = NO;
				SDKROOT = iphoneos;
				SWIFT_COMPILATION_MODE = wholemodule;
				SWIFT_OPTIMIZATION_LEVEL = "-O";
				VALIDATE_PRODUCT = YES;
			};
			name = Release;
		};
		504EC3171FED79650016851F /* Debug */ = {
			isa = XCBuildConfiguration;
			baseConfigurationReference = FC68EB0AF532CFC21C3344DD /* Pods-App.debug.xcconfig */;
			buildSettings = {
				ASSETCATALOG_COMPILER_APPICON_NAME = AppIcon;
				CODE_SIGN_ENTITLEMENTS = App/App.entitlements;
				CODE_SIGN_STYLE = Automatic;
				CURRENT_PROJECT_VERSION = 2;
				DEVELOPMENT_TEAM = WV4L598A44;
				INFOPLIST_FILE = App/Info.plist;
				INFOPLIST_KEY_CFBundleDisplayName = "Fight Camp Training";
				INFOPLIST_KEY_LSApplicationCategoryType = "public.app-category.healthcare-fitness";
				IPHONEOS_DEPLOYMENT_TARGET = 15.0;
				LD_RUNPATH_SEARCH_PATHS = (
					"$(inherited)",
					"@executable_path/Frameworks",
				);
				MARKETING_VERSION = 1.0.3;
				OTHER_SWIFT_FLAGS = "$(inherited) \"-D\" \"COCOAPODS\" \"-DDEBUG\"";
				PRODUCT_BUNDLE_IDENTIFIER = app.fightcamptraining;
				PRODUCT_NAME = "$(TARGET_NAME)";
				REVENUECAT_API_KEY = test_mBilIsHfjVigPCEOYsqCIXnASUg;
				SWIFT_ACTIVE_COMPILATION_CONDITIONS = DEBUG;
				SWIFT_VERSION = 5.0;
				TARGETED_DEVICE_FAMILY = "1,2";
				VERSIONING_SYSTEM = "apple-generic";
			};
			name = Debug;
		};
		504EC3181FED79650016851F /* Release */ = {
			isa = XCBuildConfiguration;
			baseConfigurationReference = FCC0DEAD0000000000000001 /* Release.xcconfig */;
			buildSettings = {
				ASSETCATALOG_COMPILER_APPICON_NAME = AppIcon;
				CODE_SIGN_ENTITLEMENTS = App/App.entitlements;
				CODE_SIGN_STYLE = Automatic;
				CURRENT_PROJECT_VERSION = 2;
				DEVELOPMENT_TEAM = WV4L598A44;
				INFOPLIST_FILE = App/Info.plist;
				INFOPLIST_KEY_CFBundleDisplayName = "Fight Camp Training";
				INFOPLIST_KEY_LSApplicationCategoryType = "public.app-category.healthcare-fitness";
				IPHONEOS_DEPLOYMENT_TARGET = 15.0;
				LD_RUNPATH_SEARCH_PATHS = (
					"$(inherited)",
					"@executable_path/Frameworks",
				);
				MARKETING_VERSION = 1.0.3;
				PRODUCT_BUNDLE_IDENTIFIER = app.fightcamptraining;
				PRODUCT_NAME = "$(TARGET_NAME)";
				SWIFT_ACTIVE_COMPILATION_CONDITIONS = "";
				SWIFT_VERSION = 5.0;
				TARGETED_DEVICE_FAMILY = "1,2";
				VERSIONING_SYSTEM = "apple-generic";
			};
			name = Release;
		};
		5C4621AFB30F368A60607AC8 /* Release */ = {
			isa = XCBuildConfiguration;
			buildSettings = {
				CLANG_ENABLE_OBJC_WEAK = NO;
				CODE_SIGN_STYLE = Automatic;
				CURRENT_PROJECT_VERSION = 2;
				DEVELOPMENT_TEAM = WV4L598A44;
				GENERATE_INFOPLIST_FILE = YES;
				INFOPLIST_FILE = TimerLiveActivity/Info.plist;
				INFOPLIST_KEY_CFBundleDisplayName = "Round Timer";
				IPHONEOS_DEPLOYMENT_TARGET = 16.1;
				MARKETING_VERSION = 1.0.3;
				PRODUCT_BUNDLE_IDENTIFIER = app.fightcamptraining.timerliveactivity;
				PRODUCT_NAME = "$(TARGET_NAME)";
				SDKROOT = iphoneos;
				SKIP_INSTALL = NO;
				SWIFT_VERSION = 5.0;
				TARGETED_DEVICE_FAMILY = "1,2";
				VALIDATE_PRODUCT = YES;
			};
			name = Release;
		};
		9A3747D0A94B41428D8894FD /* Debug */ = {
			isa = XCBuildConfiguration;
			buildSettings = {
				ASSETCATALOG_COMPILER_APPICON_NAME = AppIcon;
				CODE_SIGN_ENTITLEMENTS = WatchApp/FightCampWatch.entitlements;
				CODE_SIGN_STYLE = Automatic;
				CURRENT_PROJECT_VERSION = 2;
				DEVELOPMENT_TEAM = WV4L598A44;
				GENERATE_INFOPLIST_FILE = NO;
				INFOPLIST_FILE = WatchApp/Info.plist;
				MARKETING_VERSION = 1.0.3;
				PRODUCT_BUNDLE_IDENTIFIER = app.fightcamptraining.watchkitapp;
				PRODUCT_NAME = "$(TARGET_NAME)";
				SDKROOT = watchos;
				SKIP_INSTALL = YES;
				SUPPORTED_PLATFORMS = "watchsimulator watchos";
				SWIFT_VERSION = 5.0;
				TARGETED_DEVICE_FAMILY = 4;
				WATCHOS_DEPLOYMENT_TARGET = 9.0;
			};
			name = Debug;
		};
		DF824B979B2D7CF81BB584FF /* Release */ = {
			isa = XCBuildConfiguration;
			buildSettings = {
				ASSETCATALOG_COMPILER_APPICON_NAME = AppIcon;
				CODE_SIGN_ENTITLEMENTS = WatchApp/FightCampWatch.entitlements;
				CODE_SIGN_STYLE = Automatic;
				CURRENT_PROJECT_VERSION = 2;
				DEVELOPMENT_TEAM = WV4L598A44;
				GENERATE_INFOPLIST_FILE = NO;
				INFOPLIST_FILE = WatchApp/Info.plist;
				MARKETING_VERSION = 1.0.3;
				PRODUCT_BUNDLE_IDENTIFIER = app.fightcamptraining.watchkitapp;
				PRODUCT_NAME = "$(TARGET_NAME)";
				SDKROOT = watchos;
				SKIP_INSTALL = YES;
				SUPPORTED_PLATFORMS = "watchsimulator watchos";
				SWIFT_VERSION = 5.0;
				TARGETED_DEVICE_FAMILY = 4;
				VALIDATE_PRODUCT = YES;
				WATCHOS_DEPLOYMENT_TARGET = 9.0;
			};
			name = Release;
		};
/* End XCBuildConfiguration section */

/* Begin XCConfigurationList section */
		291744A2BFE7AD63CF2DD872 = {
			isa = XCConfigurationList;
			buildConfigurations = (
				9A3747D0A94B41428D8894FD /* Debug */,
				DF824B979B2D7CF81BB584FF /* Release */,
			);
			defaultConfigurationIsVisible = 0;
			defaultConfigurationName = Release;
		};
		504EC2FF1FED79650016851F /* Build configuration list for PBXProject "App" */ = {
			isa = XCConfigurationList;
			buildConfigurations = (
				504EC3141FED79650016851F /* Debug */,
				504EC3151FED79650016851F /* Release */,
			);
			defaultConfigurationIsVisible = 0;
			defaultConfigurationName = Release;
		};
		504EC3161FED79650016851F /* Build configuration list for PBXNativeTarget "App" */ = {
			isa = XCConfigurationList;
			buildConfigurations = (
				504EC3171FED79650016851F /* Debug */,
				504EC3181FED79650016851F /* Release */,
			);
			defaultConfigurationIsVisible = 0;
			defaultConfigurationName = Release;
		};
		DB26F52FA6C155416A9DBBC4 /* Build configuration list for PBXNativeTarget "TimerLiveActivity" */ = {
			isa = XCConfigurationList;
			buildConfigurations = (
				5C4621AFB30F368A60607AC8 /* Release */,
				39D7D73D4D0F6329556DA7CD /* Debug */,
			);
			defaultConfigurationIsVisible = 0;
			defaultConfigurationName = Release;
		};
/* End XCConfigurationList section */

/* Begin XCRemoteSwiftPackageReference section */
		FC1A2B3C4D5E6A7B8C9D0E3F /* XCRemoteSwiftPackageReference "purchases-ios-spm" */ = {
			isa = XCRemoteSwiftPackageReference;
			repositoryURL = "https://github.com/RevenueCat/purchases-ios-spm.git";
			requirement = {
				kind = upToNextMajorVersion;
				minimumVersion = 5.0.0;
			};
		};
/* End XCRemoteSwiftPackageReference section */

/* Begin XCSwiftPackageProductDependency section */
		FC1A2B3C4D5E6A7B8C9D0E4F /* RevenueCat */ = {
			isa = XCSwiftPackageProductDependency;
			package = FC1A2B3C4D5E6A7B8C9D0E3F /* XCRemoteSwiftPackageReference "purchases-ios-spm" */;
			productName = RevenueCat;
		};
		FC1A2B3C4D5E6A7B8C9D0E5F /* RevenueCatUI */ = {
			isa = XCSwiftPackageProductDependency;
			package = FC1A2B3C4D5E6A7B8C9D0E3F /* XCRemoteSwiftPackageReference "purchases-ios-spm" */;
			productName = RevenueCatUI;
		};
/* End XCSwiftPackageProductDependency section */
	};
	rootObject = 504EC2FC1FED79650016851F /* Project object */;
}
